
Microsoft Visual Studio Solution File, Format Version 12.00
# Visual Studio Version 17
VisualStudioVersion = 17.9.34723.18
MinimumVisualStudioVersion = 10.0.40219.1
Project("{9A19103F-16F7-4668-BE54-9A1E7A4F7556}") = "BlazorIonicExample.WebApp", "BlazorIonicExample.WebApp\BlazorIonicExample.WebApp.csproj", "{30ECDC35-B94B-4B9D-B27F-C3D97487FFDC}"
EndProject
Project("{9A19103F-16F7-4668-BE54-9A1E7A4F7556}") = "BlazorIonicExample.Common", "BlazorIonicExample.Common\BlazorIonicExample.Common.csproj", "{4C60EFFF-6E72-4F5F-8327-91BA69793A42}"
EndProject
Global
	GlobalSection(SolutionConfigurationPlatforms) = preSolution
		Debug|Any CPU = Debug|Any CPU
		Release|Any CPU = Release|Any CPU
	EndGlobalSection
	GlobalSection(ProjectConfigurationPlatforms) = postSolution
		{30ECDC35-B94B-4B9D-B27F-C3D97487FFDC}.Debug|Any CPU.ActiveCfg = Debug|Any CPU
		{30ECDC35-B94B-4B9D-B27F-C3D97487FFDC}.Debug|Any CPU.Build.0 = Debug|Any CPU
		{30ECDC35-B94B-4B9D-B27F-C3D97487FFDC}.Release|Any CPU.ActiveCfg = Release|Any CPU
		{30ECDC35-B94B-4B9D-B27F-C3D97487FFDC}.Release|Any CPU.Build.0 = Release|Any CPU
		{4C60EFFF-6E72-4F5F-8327-91BA69793A42}.Debug|Any CPU.ActiveCfg = Debug|Any CPU
		{4C60EFFF-6E72-4F5F-8327-91BA69793A42}.Debug|Any CPU.Build.0 = Debug|Any CPU
		{4C60EFFF-6E72-4F5F-8327-91BA69793A42}.Release|Any CPU.ActiveCfg = Release|Any CPU
		{4C60EFFF-6E72-4F5F-8327-91BA69793A42}.Release|Any CPU.Build.0 = Release|Any CPU
	EndGlobalSection
	GlobalSection(SolutionProperties) = preSolution
		HideSolutionNode = FALSE
	EndGlobalSection
	GlobalSection(ExtensibilityGlobals) = postSolution
		SolutionGuid = {82035CCF-3EE7-4751-B756-99C5FFBB1249}
	EndGlobalSection
EndGlobal
